{
  "nodes": {
    "comin": {
      "inputs": {
        "flake-compat": "flake-compat",
        "nixpkgs": [
          "nixpkgs-stable"
        ]
      },
      "locked": {
        "lastModified": 1766418566,
        "narHash": "sha256-K5WopCh1xTc/UOLLE3s+XyJ2c4zKaAu0OYRTygY7M3Y=",
        "owner": "nlewo",
        "repo": "comin",
        "rev": "0ec8d0c78ef17bc22fb67bc392deb4de27d4bda6",
        "type": "github"
      },
      "original": {
        "owner": "nlewo",
        "repo": "comin",
        "type": "github"
      }
    },
    "flake-compat": {
      "flake": false,
      "locked": {
        "lastModified": 1765121682,
        "narHash": "sha256-4VBOP18BFeiPkyhy9o4ssBNQEvfvv1kXkasAYd0+rrA=",
        "owner": "NixOS",
        "repo": "flake-compat",
        "rev": "65f23138d8d09a92e30f1e5c87611b23ef451bf3",
        "type": "github"
      },
      "original": {
        "owner": "NixOS",
        "repo": "flake-compat",
        "type": "github"
      }
    },
    "nixpkgs-stable": {
      "locked": {
        "lastModified": 1766736597,
        "narHash": "sha256-BASnpCLodmgiVn0M1MU2Pqyoz0aHwar/0qLkp7CjvSQ=",
        "owner": "nixos",
        "repo": "nixpkgs",
        "rev": "f560ccec6b1116b22e6ed15f4c510997d99d5852",
        "type": "github"
      },
      "original": {
        "owner": "nixos",
        "ref": "nixos-25.11",
        "repo": "nixpkgs",
        "type": "github"
      }
    },
    "root": {
      "inputs": {
        "comin": "comin",
        "nixpkgs-stable": "nixpkgs-stable"
      }
    }
  },
  "root": "root",
  "version": 7
}
